
Microsoft Visual Studio Solution File, Format Version 10.00
# Visual Studio 2008
Project("{FAE04EC0-301F-11D3-BF4B-00C04F79EFBC}") = "Topshelf", "Topshelf\Topshelf.csproj", "{1EEC6A0D-F213-4716-B5CC-33782BCE1908}"
EndProject
Project("{FAE04EC0-301F-11D3-BF4B-00C04F79EFBC}") = "Topshelf.Specs", "Topshelf.Specs\Topshelf.Specs.csproj", "{574B7490-8F94-489F-90A9-C3CCD0D16AF0}"
EndProject
Global
	GlobalSection(SolutionConfigurationPlatforms) = preSolution
		Debug|Any CPU = Debug|Any CPU
		Release|Any CPU = Release|Any CPU
	EndGlobalSection
	GlobalSection(ProjectConfigurationPlatforms) = postSolution
		{1EEC6A0D-F213-4716-B5CC-33782BCE1908}.Debug|Any CPU.ActiveCfg = Debug|Any CPU
		{1EEC6A0D-F213-4716-B5CC-33782BCE1908}.Debug|Any CPU.Build.0 = Debug|Any CPU
		{1EEC6A0D-F213-4716-B5CC-33782BCE1908}.Release|Any CPU.ActiveCfg = Release|Any CPU
		{1EEC6A0D-F213-4716-B5CC-33782BCE1908}.Release|Any CPU.Build.0 = Release|Any CPU
		{574B7490-8F94-489F-90A9-C3CCD0D16AF0}.Debug|Any CPU.ActiveCfg = Debug|Any CPU
		{574B7490-8F94-489F-90A9-C3CCD0D16AF0}.Debug|Any CPU.Build.0 = Debug|Any CPU
		{574B7490-8F94-489F-90A9-C3CCD0D16AF0}.Release|Any CPU.ActiveCfg = Release|Any CPU
		{574B7490-8F94-489F-90A9-C3CCD0D16AF0}.Release|Any CPU.Build.0 = Release|Any CPU
	EndGlobalSection
	GlobalSection(SolutionProperties) = preSolution
		HideSolutionNode = FALSE
	EndGlobalSection
EndGlobal
