
Microsoft Visual Studio Solution File, Format Version 11.00
# Visual Studio 2010
Project("{2150E333-8FDC-42A3-9474-1A3956D46DE8}") = "Samples", "Samples", "{4D6049C9-10B8-45D6-8E60-3A6DDBFF4E08}"
EndProject
Project("{FAE04EC0-301F-11D3-BF4B-00C04F79EFBC}") = "Topshelf", "Topshelf\Topshelf.csproj", "{1EEC6A0D-F213-4716-B5CC-33782BCE1908}"
EndProject
Project("{FAE04EC0-301F-11D3-BF4B-00C04F79EFBC}") = "Topshelf.Specs", "Topshelf.Specs\Topshelf.Specs.csproj", "{574B7490-8F94-489F-90A9-C3CCD0D16AF0}"
EndProject
Project("{FAE04EC0-301F-11D3-BF4B-00C04F79EFBC}") = "Stuff", "Samples\Stuff\Stuff.csproj", "{831781DA-772B-49FD-8A92-D0452F9D87B9}"
EndProject
Project("{FAE04EC0-301F-11D3-BF4B-00C04F79EFBC}") = "StuffOnAShelf", "Samples\StuffOnAShelf\StuffOnAShelf.csproj", "{6C0B10B8-259E-4A1B-8415-4343F0B77054}"
EndProject
Project("{2150E333-8FDC-42A3-9474-1A3956D46DE8}") = "Solution Items", "Solution Items", "{84800D6C-029A-4A1F-A085-0B4B33B5DD47}"
	ProjectSection(SolutionItems) = preProject
		..\rakefile.rb = ..\rakefile.rb
		..\README.md = ..\README.md
	EndProjectSection
EndProject
Project("{2150E333-8FDC-42A3-9474-1A3956D46DE8}") = "Loggers", "Loggers", "{2B508B0F-88FB-4E29-82A4-3B6C84FB3425}"
EndProject
Project("{FAE04EC0-301F-11D3-BF4B-00C04F79EFBC}") = "Topshelf.Log4NetIntegration", "Loggers\Topshelf.Log4NetIntegration\Topshelf.Log4NetIntegration.csproj", "{709D3896-BE22-423F-81E9-F557559E45F0}"
EndProject
Project("{FAE04EC0-301F-11D3-BF4B-00C04F79EFBC}") = "Topshelf.NLogIntegration", "Loggers\Topshelf.NLogIntegration\Topshelf.NLogIntegration.csproj", "{48948BF0-56FB-4139-839C-0F0143DF38C8}"
EndProject
Project("{FAE04EC0-301F-11D3-BF4B-00C04F79EFBC}") = "Topshelf.Log4NetIntegration.1.2.10", "Loggers\Topshelf.Log4NetIntegration.1.2.10\Topshelf.Log4NetIntegration.1.2.10.csproj", "{F6B84B21-F881-4491-BD3F-DF7E55E0D609}"
EndProject
Global
	GlobalSection(SolutionConfigurationPlatforms) = preSolution
		Debug|Any CPU = Debug|Any CPU
		Debug|Mixed Platforms = Debug|Mixed Platforms
		Debug|x86 = Debug|x86
		Release|Any CPU = Release|Any CPU
		Release|Mixed Platforms = Release|Mixed Platforms
		Release|x86 = Release|x86
	EndGlobalSection
	GlobalSection(ProjectConfigurationPlatforms) = postSolution
		{1EEC6A0D-F213-4716-B5CC-33782BCE1908}.Debug|Any CPU.ActiveCfg = Debug|Any CPU
		{1EEC6A0D-F213-4716-B5CC-33782BCE1908}.Debug|Any CPU.Build.0 = Debug|Any CPU
		{1EEC6A0D-F213-4716-B5CC-33782BCE1908}.Debug|Mixed Platforms.ActiveCfg = Debug|Any CPU
		{1EEC6A0D-F213-4716-B5CC-33782BCE1908}.Debug|Mixed Platforms.Build.0 = Debug|Any CPU
		{1EEC6A0D-F213-4716-B5CC-33782BCE1908}.Debug|x86.ActiveCfg = Debug|Any CPU
		{1EEC6A0D-F213-4716-B5CC-33782BCE1908}.Release|Any CPU.ActiveCfg = Release|Any CPU
		{1EEC6A0D-F213-4716-B5CC-33782BCE1908}.Release|Any CPU.Build.0 = Release|Any CPU
		{1EEC6A0D-F213-4716-B5CC-33782BCE1908}.Release|Mixed Platforms.ActiveCfg = Release|Any CPU
		{1EEC6A0D-F213-4716-B5CC-33782BCE1908}.Release|Mixed Platforms.Build.0 = Release|Any CPU
		{1EEC6A0D-F213-4716-B5CC-33782BCE1908}.Release|x86.ActiveCfg = Release|Any CPU
		{574B7490-8F94-489F-90A9-C3CCD0D16AF0}.Debug|Any CPU.ActiveCfg = Debug|Any CPU
		{574B7490-8F94-489F-90A9-C3CCD0D16AF0}.Debug|Any CPU.Build.0 = Debug|Any CPU
		{574B7490-8F94-489F-90A9-C3CCD0D16AF0}.Debug|Mixed Platforms.ActiveCfg = Debug|Any CPU
		{574B7490-8F94-489F-90A9-C3CCD0D16AF0}.Debug|Mixed Platforms.Build.0 = Debug|Any CPU
		{574B7490-8F94-489F-90A9-C3CCD0D16AF0}.Debug|x86.ActiveCfg = Debug|Any CPU
		{574B7490-8F94-489F-90A9-C3CCD0D16AF0}.Release|Any CPU.ActiveCfg = Release|Any CPU
		{574B7490-8F94-489F-90A9-C3CCD0D16AF0}.Release|Any CPU.Build.0 = Release|Any CPU
		{574B7490-8F94-489F-90A9-C3CCD0D16AF0}.Release|Mixed Platforms.ActiveCfg = Release|Any CPU
		{574B7490-8F94-489F-90A9-C3CCD0D16AF0}.Release|Mixed Platforms.Build.0 = Release|Any CPU
		{574B7490-8F94-489F-90A9-C3CCD0D16AF0}.Release|x86.ActiveCfg = Release|Any CPU
		{831781DA-772B-49FD-8A92-D0452F9D87B9}.Debug|Any CPU.ActiveCfg = Debug|Any CPU
		{831781DA-772B-49FD-8A92-D0452F9D87B9}.Debug|Any CPU.Build.0 = Debug|Any CPU
		{831781DA-772B-49FD-8A92-D0452F9D87B9}.Debug|Mixed Platforms.ActiveCfg = Debug|Any CPU
		{831781DA-772B-49FD-8A92-D0452F9D87B9}.Debug|Mixed Platforms.Build.0 = Debug|Any CPU
		{831781DA-772B-49FD-8A92-D0452F9D87B9}.Debug|x86.ActiveCfg = Debug|Any CPU
		{831781DA-772B-49FD-8A92-D0452F9D87B9}.Release|Any CPU.ActiveCfg = Release|Any CPU
		{831781DA-772B-49FD-8A92-D0452F9D87B9}.Release|Any CPU.Build.0 = Release|Any CPU
		{831781DA-772B-49FD-8A92-D0452F9D87B9}.Release|Mixed Platforms.ActiveCfg = Release|Any CPU
		{831781DA-772B-49FD-8A92-D0452F9D87B9}.Release|Mixed Platforms.Build.0 = Release|Any CPU
		{831781DA-772B-49FD-8A92-D0452F9D87B9}.Release|x86.ActiveCfg = Release|Any CPU
		{6C0B10B8-259E-4A1B-8415-4343F0B77054}.Debug|Any CPU.ActiveCfg = Debug|Any CPU
		{6C0B10B8-259E-4A1B-8415-4343F0B77054}.Debug|Any CPU.Build.0 = Debug|Any CPU
		{6C0B10B8-259E-4A1B-8415-4343F0B77054}.Debug|Mixed Platforms.ActiveCfg = Debug|Any CPU
		{6C0B10B8-259E-4A1B-8415-4343F0B77054}.Debug|Mixed Platforms.Build.0 = Debug|Any CPU
		{6C0B10B8-259E-4A1B-8415-4343F0B77054}.Debug|x86.ActiveCfg = Debug|Any CPU
		{6C0B10B8-259E-4A1B-8415-4343F0B77054}.Release|Any CPU.ActiveCfg = Release|Any CPU
		{6C0B10B8-259E-4A1B-8415-4343F0B77054}.Release|Any CPU.Build.0 = Release|Any CPU
		{6C0B10B8-259E-4A1B-8415-4343F0B77054}.Release|Mixed Platforms.ActiveCfg = Release|Any CPU
		{6C0B10B8-259E-4A1B-8415-4343F0B77054}.Release|Mixed Platforms.Build.0 = Release|Any CPU
		{6C0B10B8-259E-4A1B-8415-4343F0B77054}.Release|x86.ActiveCfg = Release|Any CPU
		{709D3896-BE22-423F-81E9-F557559E45F0}.Debug|Any CPU.ActiveCfg = Debug|Any CPU
		{709D3896-BE22-423F-81E9-F557559E45F0}.Debug|Any CPU.Build.0 = Debug|Any CPU
		{709D3896-BE22-423F-81E9-F557559E45F0}.Debug|Mixed Platforms.ActiveCfg = Debug|Any CPU
		{709D3896-BE22-423F-81E9-F557559E45F0}.Debug|Mixed Platforms.Build.0 = Debug|Any CPU
		{709D3896-BE22-423F-81E9-F557559E45F0}.Debug|x86.ActiveCfg = Debug|Any CPU
		{709D3896-BE22-423F-81E9-F557559E45F0}.Release|Any CPU.ActiveCfg = Release|Any CPU
		{709D3896-BE22-423F-81E9-F557559E45F0}.Release|Any CPU.Build.0 = Release|Any CPU
		{709D3896-BE22-423F-81E9-F557559E45F0}.Release|Mixed Platforms.ActiveCfg = Release|Any CPU
		{709D3896-BE22-423F-81E9-F557559E45F0}.Release|Mixed Platforms.Build.0 = Release|Any CPU
		{709D3896-BE22-423F-81E9-F557559E45F0}.Release|x86.ActiveCfg = Release|Any CPU
		{48948BF0-56FB-4139-839C-0F0143DF38C8}.Debug|Any CPU.ActiveCfg = Debug|Any CPU
		{48948BF0-56FB-4139-839C-0F0143DF38C8}.Debug|Any CPU.Build.0 = Debug|Any CPU
		{48948BF0-56FB-4139-839C-0F0143DF38C8}.Debug|Mixed Platforms.ActiveCfg = Debug|Any CPU
		{48948BF0-56FB-4139-839C-0F0143DF38C8}.Debug|Mixed Platforms.Build.0 = Debug|Any CPU
		{48948BF0-56FB-4139-839C-0F0143DF38C8}.Debug|x86.ActiveCfg = Debug|Any CPU
		{48948BF0-56FB-4139-839C-0F0143DF38C8}.Release|Any CPU.ActiveCfg = Release|Any CPU
		{48948BF0-56FB-4139-839C-0F0143DF38C8}.Release|Any CPU.Build.0 = Release|Any CPU
		{48948BF0-56FB-4139-839C-0F0143DF38C8}.Release|Mixed Platforms.ActiveCfg = Release|Any CPU
		{48948BF0-56FB-4139-839C-0F0143DF38C8}.Release|Mixed Platforms.Build.0 = Release|Any CPU
		{48948BF0-56FB-4139-839C-0F0143DF38C8}.Release|x86.ActiveCfg = Release|Any CPU
		{F6B84B21-F881-4491-BD3F-DF7E55E0D609}.Debug|Any CPU.ActiveCfg = Debug|Any CPU
		{F6B84B21-F881-4491-BD3F-DF7E55E0D609}.Debug|Any CPU.Build.0 = Debug|Any CPU
		{F6B84B21-F881-4491-BD3F-DF7E55E0D609}.Debug|Mixed Platforms.ActiveCfg = Debug|Any CPU
		{F6B84B21-F881-4491-BD3F-DF7E55E0D609}.Debug|Mixed Platforms.Build.0 = Debug|Any CPU
		{F6B84B21-F881-4491-BD3F-DF7E55E0D609}.Debug|x86.ActiveCfg = Debug|Any CPU
		{F6B84B21-F881-4491-BD3F-DF7E55E0D609}.Release|Any CPU.ActiveCfg = Release|Any CPU
		{F6B84B21-F881-4491-BD3F-DF7E55E0D609}.Release|Any CPU.Build.0 = Release|Any CPU
		{F6B84B21-F881-4491-BD3F-DF7E55E0D609}.Release|Mixed Platforms.ActiveCfg = Release|Any CPU
		{F6B84B21-F881-4491-BD3F-DF7E55E0D609}.Release|Mixed Platforms.Build.0 = Release|Any CPU
		{F6B84B21-F881-4491-BD3F-DF7E55E0D609}.Release|x86.ActiveCfg = Release|Any CPU
	EndGlobalSection
	GlobalSection(SolutionProperties) = preSolution
		HideSolutionNode = FALSE
	EndGlobalSection
	GlobalSection(NestedProjects) = preSolution
		{831781DA-772B-49FD-8A92-D0452F9D87B9} = {4D6049C9-10B8-45D6-8E60-3A6DDBFF4E08}
		{6C0B10B8-259E-4A1B-8415-4343F0B77054} = {4D6049C9-10B8-45D6-8E60-3A6DDBFF4E08}
		{709D3896-BE22-423F-81E9-F557559E45F0} = {2B508B0F-88FB-4E29-82A4-3B6C84FB3425}
		{48948BF0-56FB-4139-839C-0F0143DF38C8} = {2B508B0F-88FB-4E29-82A4-3B6C84FB3425}
		{F6B84B21-F881-4491-BD3F-DF7E55E0D609} = {2B508B0F-88FB-4E29-82A4-3B6C84FB3425}
	EndGlobalSection
EndGlobal
