
Microsoft Visual Studio Solution File, Format Version 12.00
# Visual Studio 2012
Project("{FAE04EC0-301F-11D3-BF4B-00C04F79EFBC}") = "Topshelf", "Topshelf\Topshelf.csproj", "{A52AD64D-6455-4A22-8CCF-581851086578}"
EndProject
Project("{2150E333-8FDC-42A3-9474-1A3956D46DE8}") = "Samples", "Samples", "{94D59671-81F3-44B9-B54D-8E5D616DB0BB}"
EndProject
Project("{FAE04EC0-301F-11D3-BF4B-00C04F79EFBC}") = "SampleTopshelfService", "SampleTopshelfService\SampleTopshelfService.csproj", "{E5A0AD7B-1806-4F99-84F0-55BD72C1C7A3}"
EndProject
Project("{FAE04EC0-301F-11D3-BF4B-00C04F79EFBC}") = "Topshelf.Tests", "Topshelf.Tests\Topshelf.Tests.csproj", "{508C7AAB-03DD-40C6-947D-6A8D22AAA941}"
EndProject
Project("{FAE04EC0-301F-11D3-BF4B-00C04F79EFBC}") = "Topshelf.Log4Net", "Topshelf.Log4Net\Topshelf.Log4Net.csproj", "{0EE64D46-5728-45DB-8D0E-044CE2677FD8}"
EndProject
Project("{FAE04EC0-301F-11D3-BF4B-00C04F79EFBC}") = "Topshelf.NLog", "Topshelf.NLog\Topshelf.NLog.csproj", "{55FC6F5C-778F-4E77-8C55-C62216858CE7}"
EndProject
Project("{FAE04EC0-301F-11D3-BF4B-00C04F79EFBC}") = "Topshelf.Rehab", "Topshelf.Rehab\Topshelf.Rehab.csproj", "{26B9ADA3-4CF1-423C-B1FB-A5F982876E39}"
EndProject
Project("{FAE04EC0-301F-11D3-BF4B-00C04F79EFBC}") = "SampleTopshelfRehabService", "SampleTopshelfRehabService\SampleTopshelfRehabService.csproj", "{C4838A12-9DFE-4CAE-894A-9845898AFDB2}"
EndProject
Project("{FAE04EC0-301F-11D3-BF4B-00C04F79EFBC}") = "Topshelf.Supervise", "Topshelf.Supervise\Topshelf.Supervise.csproj", "{BA8491EF-EFF1-4DFB-BEE6-FE5393E715D4}"
EndProject
Project("{FAE04EC0-301F-11D3-BF4B-00C04F79EFBC}") = "SampleTopshelfSuperviseService", "SampleTopshelfSuperviseService\SampleTopshelfSuperviseService.csproj", "{7EE5892C-6754-4DC4-95B6-123C9C86C740}"
EndProject
Global
	GlobalSection(SolutionConfigurationPlatforms) = preSolution
		Debug|Any CPU = Debug|Any CPU
		Debug|Mixed Platforms = Debug|Mixed Platforms
		Debug|x86 = Debug|x86
		Debug-Linux|Any CPU = Debug-Linux|Any CPU
		Debug-Linux|Mixed Platforms = Debug-Linux|Mixed Platforms
		Debug-Linux|x86 = Debug-Linux|x86
		Release|Any CPU = Release|Any CPU
		Release|Mixed Platforms = Release|Mixed Platforms
		Release|x86 = Release|x86
	EndGlobalSection
	GlobalSection(ProjectConfigurationPlatforms) = postSolution
		{A52AD64D-6455-4A22-8CCF-581851086578}.Debug|Any CPU.ActiveCfg = Debug|Any CPU
		{A52AD64D-6455-4A22-8CCF-581851086578}.Debug|Any CPU.Build.0 = Debug|Any CPU
		{A52AD64D-6455-4A22-8CCF-581851086578}.Debug|Mixed Platforms.ActiveCfg = Debug|Any CPU
		{A52AD64D-6455-4A22-8CCF-581851086578}.Debug|Mixed Platforms.Build.0 = Debug|Any CPU
		{A52AD64D-6455-4A22-8CCF-581851086578}.Debug|x86.ActiveCfg = Debug|Any CPU
		{A52AD64D-6455-4A22-8CCF-581851086578}.Debug-Linux|Any CPU.ActiveCfg = Debug-Linux|Any CPU
		{A52AD64D-6455-4A22-8CCF-581851086578}.Debug-Linux|Any CPU.Build.0 = Debug-Linux|Any CPU
		{A52AD64D-6455-4A22-8CCF-581851086578}.Debug-Linux|Mixed Platforms.ActiveCfg = Debug-Linux|Any CPU
		{A52AD64D-6455-4A22-8CCF-581851086578}.Debug-Linux|Mixed Platforms.Build.0 = Debug-Linux|Any CPU
		{A52AD64D-6455-4A22-8CCF-581851086578}.Debug-Linux|x86.ActiveCfg = Debug-Linux|Any CPU
		{A52AD64D-6455-4A22-8CCF-581851086578}.Release|Any CPU.ActiveCfg = Release|Any CPU
		{A52AD64D-6455-4A22-8CCF-581851086578}.Release|Any CPU.Build.0 = Release|Any CPU
		{A52AD64D-6455-4A22-8CCF-581851086578}.Release|Mixed Platforms.ActiveCfg = Release|Any CPU
		{A52AD64D-6455-4A22-8CCF-581851086578}.Release|Mixed Platforms.Build.0 = Release|Any CPU
		{A52AD64D-6455-4A22-8CCF-581851086578}.Release|x86.ActiveCfg = Release|Any CPU
		{E5A0AD7B-1806-4F99-84F0-55BD72C1C7A3}.Debug|Any CPU.ActiveCfg = Debug|Any CPU
		{E5A0AD7B-1806-4F99-84F0-55BD72C1C7A3}.Debug|Any CPU.Build.0 = Debug|Any CPU
		{E5A0AD7B-1806-4F99-84F0-55BD72C1C7A3}.Debug|Mixed Platforms.ActiveCfg = Debug|x86
		{E5A0AD7B-1806-4F99-84F0-55BD72C1C7A3}.Debug|Mixed Platforms.Build.0 = Debug|x86
		{E5A0AD7B-1806-4F99-84F0-55BD72C1C7A3}.Debug|x86.ActiveCfg = Debug|x86
		{E5A0AD7B-1806-4F99-84F0-55BD72C1C7A3}.Debug|x86.Build.0 = Debug|x86
		{E5A0AD7B-1806-4F99-84F0-55BD72C1C7A3}.Debug-Linux|Any CPU.ActiveCfg = Debug-Linux|Any CPU
		{E5A0AD7B-1806-4F99-84F0-55BD72C1C7A3}.Debug-Linux|Any CPU.Build.0 = Debug-Linux|Any CPU
		{E5A0AD7B-1806-4F99-84F0-55BD72C1C7A3}.Debug-Linux|Mixed Platforms.ActiveCfg = Debug-Linux|x86
		{E5A0AD7B-1806-4F99-84F0-55BD72C1C7A3}.Debug-Linux|Mixed Platforms.Build.0 = Debug-Linux|x86
		{E5A0AD7B-1806-4F99-84F0-55BD72C1C7A3}.Debug-Linux|x86.ActiveCfg = Debug-Linux|x86
		{E5A0AD7B-1806-4F99-84F0-55BD72C1C7A3}.Debug-Linux|x86.Build.0 = Debug-Linux|x86
		{E5A0AD7B-1806-4F99-84F0-55BD72C1C7A3}.Release|Any CPU.ActiveCfg = Release|Any CPU
		{E5A0AD7B-1806-4F99-84F0-55BD72C1C7A3}.Release|Any CPU.Build.0 = Release|Any CPU
		{E5A0AD7B-1806-4F99-84F0-55BD72C1C7A3}.Release|Mixed Platforms.ActiveCfg = Release|x86
		{E5A0AD7B-1806-4F99-84F0-55BD72C1C7A3}.Release|Mixed Platforms.Build.0 = Release|x86
		{E5A0AD7B-1806-4F99-84F0-55BD72C1C7A3}.Release|x86.ActiveCfg = Release|x86
		{E5A0AD7B-1806-4F99-84F0-55BD72C1C7A3}.Release|x86.Build.0 = Release|x86
		{508C7AAB-03DD-40C6-947D-6A8D22AAA941}.Debug|Any CPU.ActiveCfg = Debug|Any CPU
		{508C7AAB-03DD-40C6-947D-6A8D22AAA941}.Debug|Any CPU.Build.0 = Debug|Any CPU
		{508C7AAB-03DD-40C6-947D-6A8D22AAA941}.Debug|Mixed Platforms.ActiveCfg = Debug|Any CPU
		{508C7AAB-03DD-40C6-947D-6A8D22AAA941}.Debug|Mixed Platforms.Build.0 = Debug|Any CPU
		{508C7AAB-03DD-40C6-947D-6A8D22AAA941}.Debug|x86.ActiveCfg = Debug|Any CPU
		{508C7AAB-03DD-40C6-947D-6A8D22AAA941}.Debug-Linux|Any CPU.ActiveCfg = Debug-Linux|Any CPU
		{508C7AAB-03DD-40C6-947D-6A8D22AAA941}.Debug-Linux|Any CPU.Build.0 = Debug-Linux|Any CPU
		{508C7AAB-03DD-40C6-947D-6A8D22AAA941}.Debug-Linux|Mixed Platforms.ActiveCfg = Debug-Linux|Any CPU
		{508C7AAB-03DD-40C6-947D-6A8D22AAA941}.Debug-Linux|Mixed Platforms.Build.0 = Debug-Linux|Any CPU
		{508C7AAB-03DD-40C6-947D-6A8D22AAA941}.Debug-Linux|x86.ActiveCfg = Debug-Linux|Any CPU
		{508C7AAB-03DD-40C6-947D-6A8D22AAA941}.Release|Any CPU.ActiveCfg = Release|Any CPU
		{508C7AAB-03DD-40C6-947D-6A8D22AAA941}.Release|Any CPU.Build.0 = Release|Any CPU
		{508C7AAB-03DD-40C6-947D-6A8D22AAA941}.Release|Mixed Platforms.ActiveCfg = Release|Any CPU
		{508C7AAB-03DD-40C6-947D-6A8D22AAA941}.Release|Mixed Platforms.Build.0 = Release|Any CPU
		{508C7AAB-03DD-40C6-947D-6A8D22AAA941}.Release|x86.ActiveCfg = Release|Any CPU
		{0EE64D46-5728-45DB-8D0E-044CE2677FD8}.Debug|Any CPU.ActiveCfg = Debug|Any CPU
		{0EE64D46-5728-45DB-8D0E-044CE2677FD8}.Debug|Any CPU.Build.0 = Debug|Any CPU
		{0EE64D46-5728-45DB-8D0E-044CE2677FD8}.Debug|Mixed Platforms.ActiveCfg = Debug|Any CPU
		{0EE64D46-5728-45DB-8D0E-044CE2677FD8}.Debug|Mixed Platforms.Build.0 = Debug|Any CPU
		{0EE64D46-5728-45DB-8D0E-044CE2677FD8}.Debug|x86.ActiveCfg = Debug|Any CPU
		{0EE64D46-5728-45DB-8D0E-044CE2677FD8}.Debug-Linux|Any CPU.ActiveCfg = Debug-Linux|Any CPU
		{0EE64D46-5728-45DB-8D0E-044CE2677FD8}.Debug-Linux|Any CPU.Build.0 = Debug-Linux|Any CPU
		{0EE64D46-5728-45DB-8D0E-044CE2677FD8}.Debug-Linux|Mixed Platforms.ActiveCfg = Debug-Linux|Any CPU
		{0EE64D46-5728-45DB-8D0E-044CE2677FD8}.Debug-Linux|Mixed Platforms.Build.0 = Debug-Linux|Any CPU
		{0EE64D46-5728-45DB-8D0E-044CE2677FD8}.Debug-Linux|x86.ActiveCfg = Debug-Linux|Any CPU
		{0EE64D46-5728-45DB-8D0E-044CE2677FD8}.Release|Any CPU.ActiveCfg = Release|Any CPU
		{0EE64D46-5728-45DB-8D0E-044CE2677FD8}.Release|Any CPU.Build.0 = Release|Any CPU
		{0EE64D46-5728-45DB-8D0E-044CE2677FD8}.Release|Mixed Platforms.ActiveCfg = Release|Any CPU
		{0EE64D46-5728-45DB-8D0E-044CE2677FD8}.Release|Mixed Platforms.Build.0 = Release|Any CPU
		{0EE64D46-5728-45DB-8D0E-044CE2677FD8}.Release|x86.ActiveCfg = Release|Any CPU
		{55FC6F5C-778F-4E77-8C55-C62216858CE7}.Debug|Any CPU.ActiveCfg = Debug|Any CPU
		{55FC6F5C-778F-4E77-8C55-C62216858CE7}.Debug|Any CPU.Build.0 = Debug|Any CPU
		{55FC6F5C-778F-4E77-8C55-C62216858CE7}.Debug|Mixed Platforms.ActiveCfg = Debug|Any CPU
		{55FC6F5C-778F-4E77-8C55-C62216858CE7}.Debug|Mixed Platforms.Build.0 = Debug|Any CPU
		{55FC6F5C-778F-4E77-8C55-C62216858CE7}.Debug|x86.ActiveCfg = Debug|Any CPU
		{55FC6F5C-778F-4E77-8C55-C62216858CE7}.Debug-Linux|Any CPU.ActiveCfg = Debug-Linux|Any CPU
		{55FC6F5C-778F-4E77-8C55-C62216858CE7}.Debug-Linux|Any CPU.Build.0 = Debug-Linux|Any CPU
		{55FC6F5C-778F-4E77-8C55-C62216858CE7}.Debug-Linux|Mixed Platforms.ActiveCfg = Debug-Linux|Any CPU
		{55FC6F5C-778F-4E77-8C55-C62216858CE7}.Debug-Linux|Mixed Platforms.Build.0 = Debug-Linux|Any CPU
		{55FC6F5C-778F-4E77-8C55-C62216858CE7}.Debug-Linux|x86.ActiveCfg = Debug-Linux|Any CPU
		{55FC6F5C-778F-4E77-8C55-C62216858CE7}.Release|Any CPU.ActiveCfg = Release|Any CPU
		{55FC6F5C-778F-4E77-8C55-C62216858CE7}.Release|Any CPU.Build.0 = Release|Any CPU
		{55FC6F5C-778F-4E77-8C55-C62216858CE7}.Release|Mixed Platforms.ActiveCfg = Release|Any CPU
		{55FC6F5C-778F-4E77-8C55-C62216858CE7}.Release|Mixed Platforms.Build.0 = Release|Any CPU
		{55FC6F5C-778F-4E77-8C55-C62216858CE7}.Release|x86.ActiveCfg = Release|Any CPU
		{26B9ADA3-4CF1-423C-B1FB-A5F982876E39}.Debug|Any CPU.ActiveCfg = Debug|Any CPU
		{26B9ADA3-4CF1-423C-B1FB-A5F982876E39}.Debug|Any CPU.Build.0 = Debug|Any CPU
		{26B9ADA3-4CF1-423C-B1FB-A5F982876E39}.Debug|Mixed Platforms.ActiveCfg = Debug|Any CPU
		{26B9ADA3-4CF1-423C-B1FB-A5F982876E39}.Debug|Mixed Platforms.Build.0 = Debug|Any CPU
		{26B9ADA3-4CF1-423C-B1FB-A5F982876E39}.Debug|x86.ActiveCfg = Debug|Any CPU
		{26B9ADA3-4CF1-423C-B1FB-A5F982876E39}.Debug-Linux|Any CPU.ActiveCfg = Debug-Linux|Any CPU
		{26B9ADA3-4CF1-423C-B1FB-A5F982876E39}.Debug-Linux|Any CPU.Build.0 = Debug-Linux|Any CPU
		{26B9ADA3-4CF1-423C-B1FB-A5F982876E39}.Debug-Linux|Mixed Platforms.ActiveCfg = Debug-Linux|Any CPU
		{26B9ADA3-4CF1-423C-B1FB-A5F982876E39}.Debug-Linux|Mixed Platforms.Build.0 = Debug-Linux|Any CPU
		{26B9ADA3-4CF1-423C-B1FB-A5F982876E39}.Debug-Linux|x86.ActiveCfg = Debug-Linux|Any CPU
		{26B9ADA3-4CF1-423C-B1FB-A5F982876E39}.Release|Any CPU.ActiveCfg = Release|Any CPU
		{26B9ADA3-4CF1-423C-B1FB-A5F982876E39}.Release|Any CPU.Build.0 = Release|Any CPU
		{26B9ADA3-4CF1-423C-B1FB-A5F982876E39}.Release|Mixed Platforms.ActiveCfg = Release|Any CPU
		{26B9ADA3-4CF1-423C-B1FB-A5F982876E39}.Release|Mixed Platforms.Build.0 = Release|Any CPU
		{26B9ADA3-4CF1-423C-B1FB-A5F982876E39}.Release|x86.ActiveCfg = Release|Any CPU
		{C4838A12-9DFE-4CAE-894A-9845898AFDB2}.Debug|Any CPU.ActiveCfg = Debug|x86
		{C4838A12-9DFE-4CAE-894A-9845898AFDB2}.Debug|Mixed Platforms.ActiveCfg = Debug|x86
		{C4838A12-9DFE-4CAE-894A-9845898AFDB2}.Debug|Mixed Platforms.Build.0 = Debug|x86
		{C4838A12-9DFE-4CAE-894A-9845898AFDB2}.Debug|x86.ActiveCfg = Debug|x86
		{C4838A12-9DFE-4CAE-894A-9845898AFDB2}.Debug|x86.Build.0 = Debug|x86
		{C4838A12-9DFE-4CAE-894A-9845898AFDB2}.Debug-Linux|Any CPU.ActiveCfg = Debug-Linux|x86
		{C4838A12-9DFE-4CAE-894A-9845898AFDB2}.Debug-Linux|Mixed Platforms.ActiveCfg = Debug-Linux|x86
		{C4838A12-9DFE-4CAE-894A-9845898AFDB2}.Debug-Linux|Mixed Platforms.Build.0 = Debug-Linux|x86
		{C4838A12-9DFE-4CAE-894A-9845898AFDB2}.Debug-Linux|x86.ActiveCfg = Debug-Linux|x86
		{C4838A12-9DFE-4CAE-894A-9845898AFDB2}.Debug-Linux|x86.Build.0 = Debug-Linux|x86
		{C4838A12-9DFE-4CAE-894A-9845898AFDB2}.Release|Any CPU.ActiveCfg = Release|x86
		{C4838A12-9DFE-4CAE-894A-9845898AFDB2}.Release|Mixed Platforms.ActiveCfg = Release|x86
		{C4838A12-9DFE-4CAE-894A-9845898AFDB2}.Release|Mixed Platforms.Build.0 = Release|x86
		{C4838A12-9DFE-4CAE-894A-9845898AFDB2}.Release|x86.ActiveCfg = Release|x86
		{C4838A12-9DFE-4CAE-894A-9845898AFDB2}.Release|x86.Build.0 = Release|x86
		{BA8491EF-EFF1-4DFB-BEE6-FE5393E715D4}.Debug|Any CPU.ActiveCfg = Debug|Any CPU
		{BA8491EF-EFF1-4DFB-BEE6-FE5393E715D4}.Debug|Any CPU.Build.0 = Debug|Any CPU
		{BA8491EF-EFF1-4DFB-BEE6-FE5393E715D4}.Debug|Mixed Platforms.ActiveCfg = Debug|Any CPU
		{BA8491EF-EFF1-4DFB-BEE6-FE5393E715D4}.Debug|Mixed Platforms.Build.0 = Debug|Any CPU
		{BA8491EF-EFF1-4DFB-BEE6-FE5393E715D4}.Debug|x86.ActiveCfg = Debug|Any CPU
		{BA8491EF-EFF1-4DFB-BEE6-FE5393E715D4}.Debug-Linux|Any CPU.ActiveCfg = Debug-Linux|Any CPU
		{BA8491EF-EFF1-4DFB-BEE6-FE5393E715D4}.Debug-Linux|Any CPU.Build.0 = Debug-Linux|Any CPU
		{BA8491EF-EFF1-4DFB-BEE6-FE5393E715D4}.Debug-Linux|Mixed Platforms.ActiveCfg = Debug-Linux|Any CPU
		{BA8491EF-EFF1-4DFB-BEE6-FE5393E715D4}.Debug-Linux|Mixed Platforms.Build.0 = Debug-Linux|Any CPU
		{BA8491EF-EFF1-4DFB-BEE6-FE5393E715D4}.Debug-Linux|x86.ActiveCfg = Debug-Linux|Any CPU
		{BA8491EF-EFF1-4DFB-BEE6-FE5393E715D4}.Release|Any CPU.ActiveCfg = Release|Any CPU
		{BA8491EF-EFF1-4DFB-BEE6-FE5393E715D4}.Release|Any CPU.Build.0 = Release|Any CPU
		{BA8491EF-EFF1-4DFB-BEE6-FE5393E715D4}.Release|Mixed Platforms.ActiveCfg = Release|Any CPU
		{BA8491EF-EFF1-4DFB-BEE6-FE5393E715D4}.Release|Mixed Platforms.Build.0 = Release|Any CPU
		{BA8491EF-EFF1-4DFB-BEE6-FE5393E715D4}.Release|x86.ActiveCfg = Release|Any CPU
		{7EE5892C-6754-4DC4-95B6-123C9C86C740}.Debug|Any CPU.ActiveCfg = Debug|x86
		{7EE5892C-6754-4DC4-95B6-123C9C86C740}.Debug|Mixed Platforms.ActiveCfg = Debug|x86
		{7EE5892C-6754-4DC4-95B6-123C9C86C740}.Debug|Mixed Platforms.Build.0 = Debug|x86
		{7EE5892C-6754-4DC4-95B6-123C9C86C740}.Debug|x86.ActiveCfg = Debug|x86
		{7EE5892C-6754-4DC4-95B6-123C9C86C740}.Debug|x86.Build.0 = Debug|x86
		{7EE5892C-6754-4DC4-95B6-123C9C86C740}.Debug-Linux|Any CPU.ActiveCfg = Debug-Linux|x86
		{7EE5892C-6754-4DC4-95B6-123C9C86C740}.Debug-Linux|Mixed Platforms.ActiveCfg = Debug-Linux|x86
		{7EE5892C-6754-4DC4-95B6-123C9C86C740}.Debug-Linux|Mixed Platforms.Build.0 = Debug-Linux|x86
		{7EE5892C-6754-4DC4-95B6-123C9C86C740}.Debug-Linux|x86.ActiveCfg = Debug-Linux|x86
		{7EE5892C-6754-4DC4-95B6-123C9C86C740}.Debug-Linux|x86.Build.0 = Debug-Linux|x86
		{7EE5892C-6754-4DC4-95B6-123C9C86C740}.Release|Any CPU.ActiveCfg = Release|x86
		{7EE5892C-6754-4DC4-95B6-123C9C86C740}.Release|Mixed Platforms.ActiveCfg = Release|x86
		{7EE5892C-6754-4DC4-95B6-123C9C86C740}.Release|Mixed Platforms.Build.0 = Release|x86
		{7EE5892C-6754-4DC4-95B6-123C9C86C740}.Release|x86.ActiveCfg = Release|x86
		{7EE5892C-6754-4DC4-95B6-123C9C86C740}.Release|x86.Build.0 = Release|x86
	EndGlobalSection
	GlobalSection(SolutionProperties) = preSolution
		HideSolutionNode = FALSE
	EndGlobalSection
	GlobalSection(NestedProjects) = preSolution
		{E5A0AD7B-1806-4F99-84F0-55BD72C1C7A3} = {94D59671-81F3-44B9-B54D-8E5D616DB0BB}
		{C4838A12-9DFE-4CAE-894A-9845898AFDB2} = {94D59671-81F3-44B9-B54D-8E5D616DB0BB}
		{7EE5892C-6754-4DC4-95B6-123C9C86C740} = {94D59671-81F3-44B9-B54D-8E5D616DB0BB}
	EndGlobalSection
EndGlobal
